{
  "originHash" : "3b6a154dcfddbfcd187af337b757567a17d1fd98d0ba7ef0d2796f68b0332a38",
  "pins" : [
    {
      "identity" : "posthog-ios",
      "kind" : "remoteSourceControl",
      "location" : "https://github.com/PostHog/posthog-ios.git",
      "state" : {
        "revision" : "76a3e1db35f3153f3388bdf077a717c7350e5f9e",
        "version" : "3.64.6"
      }
    }
  ],
  "version" : 3
}
